<Solution>
  <Configurations>
    <BuildType Name="Debug" />
    <BuildType Name="Debug Console" />
    <BuildType Name="Release" />
    <Platform Name="x64" />
    <Platform Name="x86" />
  </Configurations>
  <Project Path="SfxSF.vcxproj" Id="9b662373-e06d-4a68-b1ab-74f9caefd5be" />
</Solution>
